{
  "originHash" : "e7b983fabc6fbf96c473abd3e6abe69af8890f1a21f62ef1f3a93989da8234fe",
  "pins" : [
    {
      "identity" : "launchatlogin",
      "kind" : "remoteSourceControl",
      "location" : "https://github.com/TopScrech/LaunchAtLogin",
      "state" : {
        "revision" : "f902aeb6cfa478f7cba038de32e9326b7d983d66",
        "version" : "1.0.2"
      }
    },
    {
      "identity" : "screchkit",
      "kind" : "remoteSourceControl",
      "location" : "https://github.com/TopScrech/ScrechKit",
      "state" : {
        "revision" : "bc5f6b5c251ae16c5d29a50a642ac95a9fe8d0e7",
        "version" : "1.0.10"
      }
    }
  ],
  "version" : 3
}
