{
  "originHash" : "e7b983fabc6fbf96c473abd3e6abe69af8890f1a21f62ef1f3a93989da8234fe",
  "pins" : [
    {
      "identity" : "launchatlogin",
      "kind" : "remoteSourceControl",
      "location" : "https://github.com/TopScrech/LaunchAtLogin",
      "state" : {
        "revision" : "9f11ba55ee0b5aba74e47287fcb44aaa7cb316b6",
        "version" : "1.0.1"
      }
    },
    {
      "identity" : "screchkit",
      "kind" : "remoteSourceControl",
      "location" : "https://github.com/TopScrech/ScrechKit",
      "state" : {
        "revision" : "971c2ceb06ecd109d3dfdde5d4076d92ab6baf4b",
        "version" : "1.0.8"
      }
    }
  ],
  "version" : 3
}
